
Microsoft Visual Studio Solution File, Format Version 12.00
# Visual Studio Version 17
VisualStudioVersion = 17.10.35013.160
MinimumVisualStudioVersion = 10.0.40219.1
Project("{FAE04EC0-301F-11D3-BF4B-00C04F79EFBC}") = "BarcodeQrScanner", "BarcodeQrScanner.csproj", "{61D24805-1B12-468E-95DC-E31451E7155E}"
EndProject
Global
	GlobalSection(SolutionConfigurationPlatforms) = preSolution
		Debug|Any CPU = Debug|Any CPU
		Release|Any CPU = Release|Any CPU
	EndGlobalSection
	GlobalSection(ProjectConfigurationPlatforms) = postSolution
		{61D24805-1B12-468E-95DC-E31451E7155E}.Debug|Any CPU.ActiveCfg = Debug|Any CPU
		{61D24805-1B12-468E-95DC-E31451E7155E}.Debug|Any CPU.Build.0 = Debug|Any CPU
		{61D24805-1B12-468E-95DC-E31451E7155E}.Debug|Any CPU.Deploy.0 = Debug|Any CPU
		{61D24805-1B12-468E-95DC-E31451E7155E}.Release|Any CPU.ActiveCfg = Release|Any CPU
		{61D24805-1B12-468E-95DC-E31451E7155E}.Release|Any CPU.Build.0 = Release|Any CPU
		{61D24805-1B12-468E-95DC-E31451E7155E}.Release|Any CPU.Deploy.0 = Release|Any CPU
	EndGlobalSection
	GlobalSection(SolutionProperties) = preSolution
		HideSolutionNode = FALSE
	EndGlobalSection
	GlobalSection(ExtensibilityGlobals) = postSolution
		SolutionGuid = {949B34D9-CA88-493D-8D86-0CFE2B9DB16B}
	EndGlobalSection
EndGlobal
